
Microsoft Visual Studio Solution File, Format Version 12.00
# Visual Studio Version 17
VisualStudioVersion = 17.9.34607.119
MinimumVisualStudioVersion = 10.0.40219.1
Project("{888888A0-9F3D-457C-B088-3A5042F75D52}") = "Mnozhestvo_2", "Mnozhestvo_2.pyproj", "{EEBDBFCC-824C-491A-9674-91A31E13E457}"
EndProject
Global
	GlobalSection(SolutionConfigurationPlatforms) = preSolution
		Debug|Any CPU = Debug|Any CPU
		Release|Any CPU = Release|Any CPU
	EndGlobalSection
	GlobalSection(ProjectConfigurationPlatforms) = postSolution
		{EEBDBFCC-824C-491A-9674-91A31E13E457}.Debug|Any CPU.ActiveCfg = Debug|Any CPU
		{EEBDBFCC-824C-491A-9674-91A31E13E457}.Release|Any CPU.ActiveCfg = Release|Any CPU
	EndGlobalSection
	GlobalSection(SolutionProperties) = preSolution
		HideSolutionNode = FALSE
	EndGlobalSection
	GlobalSection(ExtensibilityGlobals) = postSolution
		SolutionGuid = {0C5B6E59-77CD-42E8-8596-96E8CF5C9DAD}
	EndGlobalSection
EndGlobal
